
Microsoft Visual Studio Solution File, Format Version 11.00
# Visual Studio 2010
Project("{FAE04EC0-301F-11D3-BF4B-00C04F79EFBC}") = "Assembly-CSharp", "Assembly-CSharp.csproj", "{B974DA5D-2741-5540-3189-C3D7939F2876}"
EndProject
Global
	GlobalSection(SolutionConfigurationPlatforms) = preSolution
		Debug|Any CPU = Debug|Any CPU
		Release|Any CPU = Release|Any CPU
	EndGlobalSection
	GlobalSection(ProjectConfigurationPlatforms) = postSolution
		{B974DA5D-2741-5540-3189-C3D7939F2876}.Debug|Any CPU.ActiveCfg = Debug|Any CPU
		{B974DA5D-2741-5540-3189-C3D7939F2876}.Debug|Any CPU.Build.0 = Debug|Any CPU
		{B974DA5D-2741-5540-3189-C3D7939F2876}.Release|Any CPU.ActiveCfg = Release|Any CPU
		{B974DA5D-2741-5540-3189-C3D7939F2876}.Release|Any CPU.Build.0 = Release|Any CPU
	EndGlobalSection
	GlobalSection(SolutionProperties) = preSolution
		HideSolutionNode = FALSE
	EndGlobalSection
	GlobalSection(MonoDevelopProperties) = preSolution
		StartupItem = Assembly-CSharp.csproj
	EndGlobalSection
EndGlobal
