
Microsoft Visual Studio Solution File, Format Version 12.00
# Visual Studio Version 17
VisualStudioVersion = 17.6.33723.286
MinimumVisualStudioVersion = 10.0.40219.1
Project("{FAE04EC0-301F-11D3-BF4B-00C04F79EFBC}") = "Assembly-CSharp", "Assembly-CSharp.csproj", "{B974DA5D-2741-5540-3189-C3D7939F2876}"
EndProject
Global
	GlobalSection(SolutionConfigurationPlatforms) = preSolution
		Debug|Any CPU = Debug|Any CPU
		Release|Any CPU = Release|Any CPU
	EndGlobalSection
	GlobalSection(ProjectConfigurationPlatforms) = postSolution
		{B974DA5D-2741-5540-3189-C3D7939F2876}.Debug|Any CPU.ActiveCfg = Debug|Any CPU
		{B974DA5D-2741-5540-3189-C3D7939F2876}.Debug|Any CPU.Build.0 = Debug|Any CPU
		{B974DA5D-2741-5540-3189-C3D7939F2876}.Release|Any CPU.ActiveCfg = Release|Any CPU
		{B974DA5D-2741-5540-3189-C3D7939F2876}.Release|Any CPU.Build.0 = Release|Any CPU
	EndGlobalSection
	GlobalSection(SolutionProperties) = preSolution
		HideSolutionNode = FALSE
	EndGlobalSection
	GlobalSection(ExtensibilityGlobals) = postSolution
		SolutionGuid = {277E70D0-1D3E-4507-A02B-56103B26BFB7}
	EndGlobalSection
EndGlobal
